// !$*UTF8*$!
{
	archiveVersion = 1;
	classes = {
	};
	objectVersion = 50;
	objects = {

/* Begin PBXBuildFile section */
		9B99A0BB25A9821100A5BE47 /* AppDelegate.swift in Sources */ = {isa = PBXBuildFile; fileRef = 9B99A0BA25A9821100A5BE47 /* AppDelegate.swift */; };
		9B99A0BD25A9821100A5BE47 /* SceneDelegate.swift in Sources */ = {isa = PBXBuildFile; fileRef = 9B99A0BC25A9821100A5BE47 /* SceneDelegate.swift */; };
		9B99A0BF25A9821100A5BE47 /* ViewController.swift in Sources */ = {isa = PBXBuildFile; fileRef = 9B99A0BE25A9821100A5BE47 /* ViewController.swift */; };
		9B99A0C225A9821100A5BE47 /* Main.storyboard in Resources */ = {isa = PBXBuildFile; fileRef = 9B99A0C025A9821100A5BE47 /* Main.storyboard */; };
		9B99A0C425A9821200A5BE47 /* Assets.xcassets in Resources */ = {isa = PBXBuildFile; fileRef = 9B99A0C325A9821200A5BE47 /* Assets.xcassets */; };
		9B99A0C725A9821200A5BE47 /* LaunchScreen.storyboard in Resources */ = {isa = PBXBuildFile; fileRef = 9B99A0C525A9821200A5BE47 /* LaunchScreen.storyboard */; };
		9B99A0D525A9827B00A5BE47 /* LEEAlert.m in Sources */ = {isa = PBXBuildFile; fileRef = 9B99A0D325A9827B00A5BE47 /* LEEAlert.m */; };
/* End PBXBuildFile section */

/* Begin PBXFileReference section */
		9B99A0B725A9821100A5BE47 /* LEEAlertSwiftDemo.app */ = {isa = PBXFileReference; explicitFileType = wrapper.application; includeInIndex = 0; path = LEEAlertSwiftDemo.app; sourceTree = BUILT_PRODUCTS_DIR; };
		9B99A0BA25A9821100A5BE47 /* AppDelegate.swift */ = {isa = PBXFileReference; lastKnownFileType = sourcecode.swift; path = AppDelegate.swift; sourceTree = "<group>"; };
		9B99A0BC25A9821100A5BE47 /* SceneDelegate.swift */ = {isa = PBXFileReference; lastKnownFileType = sourcecode.swift; path = SceneDelegate.swift; sourceTree = "<group>"; };
		9B99A0BE25A9821100A5BE47 /* ViewController.swift */ = {isa = PBXFileReference; lastKnownFileType = sourcecode.swift; path = ViewController.swift; sourceTree = "<group>"; };
		9B99A0C125A9821100A5BE47 /* Base */ = {isa = PBXFileReference; lastKnownFileType = file.storyboard; name = Base; path = Base.lproj/Main.storyboard; sourceTree = "<group>"; };
		9B99A0C325A9821200A5BE47 /* Assets.xcassets */ = {isa = PBXFileReference; lastKnownFileType = folder.assetcatalog; path = Assets.xcassets; sourceTree = "<group>"; };
		9B99A0C625A9821200A5BE47 /* Base */ = {isa = PBXFileReference; lastKnownFileType = file.storyboard; name = Base; path = Base.lproj/LaunchScreen.storyboard; sourceTree = "<group>"; };
		9B99A0C825A9821200A5BE47 /* Info.plist */ = {isa = PBXFileReference; lastKnownFileType = text.plist.xml; path = Info.plist; sourceTree = "<group>"; };
		9B99A0D225A9827B00A5BE47 /* LEEAlertHelper.h */ = {isa = PBXFileReference; fileEncoding = 4; lastKnownFileType = sourcecode.c.h; path = LEEAlertHelper.h; sourceTree = "<group>"; };
		9B99A0D325A9827B00A5BE47 /* LEEAlert.m */ = {isa = PBXFileReference; fileEncoding = 4; lastKnownFileType = sourcecode.c.objc; path = LEEAlert.m; sourceTree = "<group>"; };
		9B99A0D425A9827B00A5BE47 /* LEEAlert.h */ = {isa = PBXFileReference; fileEncoding = 4; lastKnownFileType = sourcecode.c.h; path = LEEAlert.h; sourceTree = "<group>"; };
		9B99A0D725A982C700A5BE47 /* Bridge-Header.h */ = {isa = PBXFileReference; lastKnownFileType = sourcecode.c.h; path = "Bridge-Header.h"; sourceTree = "<group>"; };
/* End PBXFileReference section */

/* Begin PBXFrameworksBuildPhase section */
		9B99A0B425A9821100A5BE47 /* Frameworks */ = {
			isa = PBXFrameworksBuildPhase;
			buildActionMask = 2147483647;
			files = (
			);
			runOnlyForDeploymentPostprocessing = 0;
		};
/* End PBXFrameworksBuildPhase section */

/* Begin PBXGroup section */
		9B99A0AE25A9821100A5BE47 = {
			isa = PBXGroup;
			children = (
				9B99A0B925A9821100A5BE47 /* LEEAlertSwiftDemo */,
				9B99A0B825A9821100A5BE47 /* Products */,
			);
			sourceTree = "<group>";
		};
		9B99A0B825A9821100A5BE47 /* Products */ = {
			isa = PBXGroup;
			children = (
				9B99A0B725A9821100A5BE47 /* LEEAlertSwiftDemo.app */,
			);
			name = Products;
			sourceTree = "<group>";
		};
		9B99A0B925A9821100A5BE47 /* LEEAlertSwiftDemo */ = {
			isa = PBXGroup;
			children = (
				9B99A0D125A9827B00A5BE47 /* LEEAlert */,
				9B99A0BA25A9821100A5BE47 /* AppDelegate.swift */,
				9B99A0BC25A9821100A5BE47 /* SceneDelegate.swift */,
				9B99A0BE25A9821100A5BE47 /* ViewController.swift */,
				9B99A0C025A9821100A5BE47 /* Main.storyboard */,
				9B99A0C325A9821200A5BE47 /* Assets.xcassets */,
				9B99A0C525A9821200A5BE47 /* LaunchScreen.storyboard */,
				9B99A0C825A9821200A5BE47 /* Info.plist */,
				9B99A0D725A982C700A5BE47 /* Bridge-Header.h */,
			);
			path = LEEAlertSwiftDemo;
			sourceTree = "<group>";
		};
		9B99A0D125A9827B00A5BE47 /* LEEAlert */ = {
			isa = PBXGroup;
			children = (
				9B99A0D225A9827B00A5BE47 /* LEEAlertHelper.h */,
				9B99A0D325A9827B00A5BE47 /* LEEAlert.m */,
				9B99A0D425A9827B00A5BE47 /* LEEAlert.h */,
			);
			name = LEEAlert;
			path = ../../LEEAlert;
			sourceTree = "<group>";
		};
/* End PBXGroup section */

/* Begin PBXNativeTarget section */
		9B99A0B625A9821100A5BE47 /* LEEAlertSwiftDemo */ = {
			isa = PBXNativeTarget;
			buildConfigurationList = 9B99A0CB25A9821200A5BE47 /* Build configuration list for PBXNativeTarget "LEEAlertSwiftDemo" */;
			buildPhases = (
				9B99A0B325A9821100A5BE47 /* Sources */,
				9B99A0B425A9821100A5BE47 /* Frameworks */,
				9B99A0B525A9821100A5BE47 /* Resources */,
			);
			buildRules = (
			);
			dependencies = (
			);
			name = LEEAlertSwiftDemo;
			productName = LEEAlertSwiftDemo;
			productReference = 9B99A0B725A9821100A5BE47 /* LEEAlertSwiftDemo.app */;
			productType = "com.apple.product-type.application";
		};
/* End PBXNativeTarget section */

/* Begin PBXProject section */
		9B99A0AF25A9821100A5BE47 /* Project object */ = {
			isa = PBXProject;
			attributes = {
				LastSwiftUpdateCheck = 1230;
				LastUpgradeCheck = 1230;
				TargetAttributes = {
					9B99A0B625A9821100A5BE47 = {
						CreatedOnToolsVersion = 12.3;
					};
				};
			};
			buildConfigurationList = 9B99A0B225A9821100A5BE47 /* Build configuration list for PBXProject "LEEAlertSwiftDemo" */;
			compatibilityVersion = "Xcode 9.3";
			developmentRegion = en;
			hasScannedForEncodings = 0;
			knownRegions = (
				en,
				Base,
			);
			mainGroup = 9B99A0AE25A9821100A5BE47;
			productRefGroup = 9B99A0B825A9821100A5BE47 /* Products */;
			projectDirPath = "";
			projectRoot = "";
			targets = (
				9B99A0B625A9821100A5BE47 /* LEEAlertSwiftDemo */,
			);
		};
/* End PBXProject section */

/* Begin PBXResourcesBuildPhase section */
		9B99A0B525A9821100A5BE47 /* Resources */ = {
			isa = PBXResourcesBuildPhase;
			buildActionMask = 2147483647;
			files = (
				9B99A0C725A9821200A5BE47 /* LaunchScreen.storyboard in Resources */,
				9B99A0C425A9821200A5BE47 /* Assets.xcassets in Resources */,
				9B99A0C225A9821100A5BE47 /* Main.storyboard in Resources */,
			);
			runOnlyForDeploymentPostprocessing = 0;
		};
/* End PBXResourcesBuildPhase section */

/* Begin PBXSourcesBuildPhase section */
		9B99A0B325A9821100A5BE47 /* Sources */ = {
			isa = PBXSourcesBuildPhase;
			buildActionMask = 2147483647;
			files = (
				9B99A0BF25A9821100A5BE47 /* ViewController.swift in Sources */,
				9B99A0BB25A9821100A5BE47 /* AppDelegate.swift in Sources */,
				9B99A0BD25A9821100A5BE47 /* SceneDelegate.swift in Sources */,
				9B99A0D525A9827B00A5BE47 /* LEEAlert.m in Sources */,
			);
			runOnlyForDeploymentPostprocessing = 0;
		};
/* End PBXSourcesBuildPhase section */

/* Begin PBXVariantGroup section */
		9B99A0C025A9821100A5BE47 /* Main.storyboard */ = {
			isa = PBXVariantGroup;
			children = (
				9B99A0C125A9821100A5BE47 /* Base */,
			);
			name = Main.storyboard;
			sourceTree = "<group>";
		};
		9B99A0C525A9821200A5BE47 /* LaunchScreen.storyboard */ = {
			isa = PBXVariantGroup;
			children = (
				9B99A0C625A9821200A5BE47 /* Base */,
			);
			name = LaunchScreen.storyboard;
			sourceTree = "<group>";
		};
/* End PBXVariantGroup section */

/* Begin XCBuildConfiguration section */
		9B99A0C925A9821200A5BE47 /* Debug */ = {
			isa = XCBuildConfiguration;
			buildSettings = {
				ALWAYS_SEARCH_USER_PATHS = NO;
				CLANG_ANALYZER_NONNULL = YES;
				CLANG_ANALYZER_NUMBER_OBJECT_CONVERSION = YES_AGGRESSIVE;
				CLANG_CXX_LANGUAGE_STANDARD = "gnu++14";
				CLANG_CXX_LIBRARY = "libc++";
				CLANG_ENABLE_MODULES = YES;
				CLANG_ENABLE_OBJC_ARC = YES;
				CLANG_ENABLE_OBJC_WEAK = YES;
				CLANG_WARN_BLOCK_CAPTURE_AUTORELEASING = YES;
				CLANG_WARN_BOOL_CONVERSION = YES;
				CLANG_WARN_COMMA = YES;
				CLANG_WARN_CONSTANT_CONVERSION = YES;
				CLANG_WARN_DEPRECATED_OBJC_IMPLEMENTATIONS = YES;
				CLANG_WARN_DIRECT_OBJC_ISA_USAGE = YES_ERROR;
				CLANG_WARN_DOCUMENTATION_COMMENTS = YES;
				CLANG_WARN_EMPTY_BODY = YES;
				CLANG_WARN_ENUM_CONVERSION = YES;
				CLANG_WARN_INFINITE_RECURSION = YES;
				CLANG_WARN_INT_CONVERSION = YES;
				CLANG_WARN_NON_LITERAL_NULL_CONVERSION = YES;
				CLANG_WARN_OBJC_IMPLICIT_RETAIN_SELF = YES;
				CLANG_WARN_OBJC_LITERAL_CONVERSION = YES;
				CLANG_WARN_OBJC_ROOT_CLASS = YES_ERROR;
				CLANG_WARN_QUOTED_INCLUDE_IN_FRAMEWORK_HEADER = YES;
				CLANG_WARN_RANGE_LOOP_ANALYSIS = YES;
				CLANG_WARN_STRICT_PROTOTYPES = YES;
				CLANG_WARN_SUSPICIOUS_MOVE = YES;
				CLANG_WARN_UNGUARDED_AVAILABILITY = YES_AGGRESSIVE;
				CLANG_WARN_UNREACHABLE_CODE = YES;
				CLANG_WARN__DUPLICATE_METHOD_MATCH = YES;
				COPY_PHASE_STRIP = NO;
				DEBUG_INFORMATION_FORMAT = dwarf;
				ENABLE_STRICT_OBJC_MSGSEND = YES;
				ENABLE_TESTABILITY = YES;
				GCC_C_LANGUAGE_STANDARD = gnu11;
				GCC_DYNAMIC_NO_PIC = NO;
				GCC_NO_COMMON_BLOCKS = YES;
				GCC_OPTIMIZATION_LEVEL = 0;
				GCC_PREPROCESSOR_DEFINITIONS = (
					"DEBUG=1",
					"$(inherited)",
				);
				GCC_WARN_64_TO_32_BIT_CONVERSION = YES;
				GCC_WARN_ABOUT_RETURN_TYPE = YES_ERROR;
				GCC_WARN_UNDECLARED_SELECTOR = YES;
				GCC_WARN_UNINITIALIZED_AUTOS = YES_AGGRESSIVE;
				GCC_WARN_UNUSED_FUNCTION = YES;
				GCC_WARN_UNUSED_VARIABLE = YES;
				IPHONEOS_DEPLOYMENT_TARGET = 14.3;
				MTL_ENABLE_DEBUG_INFO = INCLUDE_SOURCE;
				MTL_FAST_MATH = YES;
				ONLY_ACTIVE_ARCH = YES;
				SDKROOT = iphoneos;
				SWIFT_ACTIVE_COMPILATION_CONDITIONS = DEBUG;
				SWIFT_OPTIMIZATION_LEVEL = "-Onone";
			};
			name = Debug;
		};
		9B99A0CA25A9821200A5BE47 /* Release */ = {
			isa = XCBuildConfiguration;
			buildSettings = {
				ALWAYS_SEARCH_USER_PATHS = NO;
				CLANG_ANALYZER_NONNULL = YES;
				CLANG_ANALYZER_NUMBER_OBJECT_CONVERSION = YES_AGGRESSIVE;
				CLANG_CXX_LANGUAGE_STANDARD = "gnu++14";
				CLANG_CXX_LIBRARY = "libc++";
				CLANG_ENABLE_MODULES = YES;
				CLANG_ENABLE_OBJC_ARC = YES;
				CLANG_ENABLE_OBJC_WEAK = YES;
				CLANG_WARN_BLOCK_CAPTURE_AUTORELEASING = YES;
				CLANG_WARN_BOOL_CONVERSION = YES;
				CLANG_WARN_COMMA = YES;
				CLANG_WARN_CONSTANT_CONVERSION = YES;
				CLANG_WARN_DEPRECATED_OBJC_IMPLEMENTATIONS = YES;
				CLANG_WARN_DIRECT_OBJC_ISA_USAGE = YES_ERROR;
				CLANG_WARN_DOCUMENTATION_COMMENTS = YES;
				CLANG_WARN_EMPTY_BODY = YES;
				CLANG_WARN_ENUM_CONVERSION = YES;
				CLANG_WARN_INFINITE_RECURSION = YES;
				CLANG_WARN_INT_CONVERSION = YES;
				CLANG_WARN_NON_LITERAL_NULL_CONVERSION = YES;
				CLANG_WARN_OBJC_IMPLICIT_RETAIN_SELF = YES;
				CLANG_WARN_OBJC_LITERAL_CONVERSION = YES;
				CLANG_WARN_OBJC_ROOT_CLASS = YES_ERROR;
				CLANG_WARN_QUOTED_INCLUDE_IN_FRAMEWORK_HEADER = YES;
				CLANG_WARN_RANGE_LOOP_ANALYSIS = YES;
				CLANG_WARN_STRICT_PROTOTYPES = YES;
				CLANG_WARN_SUSPICIOUS_MOVE = YES;
				CLANG_WARN_UNGUARDED_AVAILABILITY = YES_AGGRESSIVE;
				CLANG_WARN_UNREACHABLE_CODE = YES;
				CLANG_WARN__DUPLICATE_METHOD_MATCH = YES;
				COPY_PHASE_STRIP = NO;
				DEBUG_INFORMATION_FORMAT = "dwarf-with-dsym";
				ENABLE_NS_ASSERTIONS = NO;
				ENABLE_STRICT_OBJC_MSGSEND = YES;
				GCC_C_LANGUAGE_STANDARD = gnu11;
				GCC_NO_COMMON_BLOCKS = YES;
				GCC_WARN_64_TO_32_BIT_CONVERSION = YES;
				GCC_WARN_ABOUT_RETURN_TYPE = YES_ERROR;
				GCC_WARN_UNDECLARED_SELECTOR = YES;
				GCC_WARN_UNINITIALIZED_AUTOS = YES_AGGRESSIVE;
				GCC_WARN_UNUSED_FUNCTION = YES;
				GCC_WARN_UNUSED_VARIABLE = YES;
				IPHONEOS_DEPLOYMENT_TARGET = 14.3;
				MTL_ENABLE_DEBUG_INFO = NO;
				MTL_FAST_MATH = YES;
				SDKROOT = iphoneos;
				SWIFT_COMPILATION_MODE = wholemodule;
				SWIFT_OPTIMIZATION_LEVEL = "-O";
				VALIDATE_PRODUCT = YES;
			};
			name = Release;
		};
		9B99A0CC25A9821200A5BE47 /* Debug */ = {
			isa = XCBuildConfiguration;
			buildSettings = {
				ASSETCATALOG_COMPILER_APPICON_NAME = AppIcon;
				ASSETCATALOG_COMPILER_GLOBAL_ACCENT_COLOR_NAME = AccentColor;
				CODE_SIGN_STYLE = Automatic;
				INFOPLIST_FILE = LEEAlertSwiftDemo/Info.plist;
				LD_RUNPATH_SEARCH_PATHS = (
					"$(inherited)",
					"@executable_path/Frameworks",
				);
				PRODUCT_BUNDLE_IDENTIFIER = com.lee.alert.swift.demo;
				PRODUCT_NAME = "$(TARGET_NAME)";
				SWIFT_OBJC_BRIDGING_HEADER = "$(PROJECT_DIR)/LEEAlertSwiftDemo/Bridge-Header.h";
				SWIFT_VERSION = 5.0;
				TARGETED_DEVICE_FAMILY = "1,2";
			};
			name = Debug;
		};
		9B99A0CD25A9821200A5BE47 /* Release */ = {
			isa = XCBuildConfiguration;
			buildSettings = {
				ASSETCATALOG_COMPILER_APPICON_NAME = AppIcon;
				ASSETCATALOG_COMPILER_GLOBAL_ACCENT_COLOR_NAME = AccentColor;
				CODE_SIGN_STYLE = Automatic;
				INFOPLIST_FILE = LEEAlertSwiftDemo/Info.plist;
				LD_RUNPATH_SEARCH_PATHS = (
					"$(inherited)",
					"@executable_path/Frameworks",
				);
				PRODUCT_BUNDLE_IDENTIFIER = com.lee.alert.swift.demo;
				PRODUCT_NAME = "$(TARGET_NAME)";
				SWIFT_OBJC_BRIDGING_HEADER = "$(PROJECT_DIR)/LEEAlertSwiftDemo/Bridge-Header.h";
				SWIFT_VERSION = 5.0;
				TARGETED_DEVICE_FAMILY = "1,2";
			};
			name = Release;
		};
/* End XCBuildConfiguration section */

/* Begin XCConfigurationList section */
		9B99A0B225A9821100A5BE47 /* Build configuration list for PBXProject "LEEAlertSwiftDemo" */ = {
			isa = XCConfigurationList;
			buildConfigurations = (
				9B99A0C925A9821200A5BE47 /* Debug */,
				9B99A0CA25A9821200A5BE47 /* Release */,
			);
			defaultConfigurationIsVisible = 0;
			defaultConfigurationName = Release;
		};
		9B99A0CB25A9821200A5BE47 /* Build configuration list for PBXNativeTarget "LEEAlertSwiftDemo" */ = {
			isa = XCConfigurationList;
			buildConfigurations = (
				9B99A0CC25A9821200A5BE47 /* Debug */,
				9B99A0CD25A9821200A5BE47 /* Release */,
			);
			defaultConfigurationIsVisible = 0;
			defaultConfigurationName = Release;
		};
/* End XCConfigurationList section */
	};
	rootObject = 9B99A0AF25A9821100A5BE47 /* Project object */;
}
